// !$*UTF8*$!
{
	archiveVersion = 1;
	classes = {
	};
	objectVersion = 50;
	objects = {

/* Begin PBXBuildFile section */
		0967265E710DAA282B3D9876 /* Pods_iOS_GoodCodeExerciseSampleTests.framework in Frameworks */ = {isa = PBXBuildFile; fileRef = 7DBEE0158F4FB3555158D124 /* Pods_iOS_GoodCodeExerciseSampleTests.framework */; };
		B2FA9093218F7C8100A1B63E /* AppDelegate.swift in Sources */ = {isa = PBXBuildFile; fileRef = B2FA9092218F7C8100A1B63E /* AppDelegate.swift */; };
		B2FA9095218F7C8100A1B63E /* ViewController.swift in Sources */ = {isa = PBXBuildFile; fileRef = B2FA9094218F7C8100A1B63E /* ViewController.swift */; };
		B2FA9098218F7C8100A1B63E /* Main.storyboard in Resources */ = {isa = PBXBuildFile; fileRef = B2FA9096218F7C8100A1B63E /* Main.storyboard */; };
		B2FA909B218F7C8100A1B63E /* iOS_GoodCodeExerciseSample.xcdatamodeld in Sources */ = {isa = PBXBuildFile; fileRef = B2FA9099218F7C8100A1B63E /* iOS_GoodCodeExerciseSample.xcdatamodeld */; };
		B2FA909D218F7C8300A1B63E /* Assets.xcassets in Resources */ = {isa = PBXBuildFile; fileRef = B2FA909C218F7C8300A1B63E /* Assets.xcassets */; };
		B2FA90A0218F7C8300A1B63E /* LaunchScreen.storyboard in Resources */ = {isa = PBXBuildFile; fileRef = B2FA909E218F7C8300A1B63E /* LaunchScreen.storyboard */; };
		B2FA90AB218F7C8300A1B63E /* iOS_GoodCodeExerciseSampleTests.swift in Sources */ = {isa = PBXBuildFile; fileRef = B2FA90AA218F7C8300A1B63E /* iOS_GoodCodeExerciseSampleTests.swift */; };
		B2FA90B6218F7FA400A1B63E /* GoogleService-Info.plist in Resources */ = {isa = PBXBuildFile; fileRef = B2FA90B5218F7FA300A1B63E /* GoogleService-Info.plist */; };
		B2FA90BA218F818D00A1B63E /* FirebaseEndpoints.swift in Sources */ = {isa = PBXBuildFile; fileRef = B2FA90B9218F818D00A1B63E /* FirebaseEndpoints.swift */; };
		B2FA90BD218F82B100A1B63E /* UserData.swift in Sources */ = {isa = PBXBuildFile; fileRef = B2FA90BC218F82B100A1B63E /* UserData.swift */; };
		B2FA90BF218F831400A1B63E /* NetworkManager.swift in Sources */ = {isa = PBXBuildFile; fileRef = B2FA90BE218F831400A1B63E /* NetworkManager.swift */; };
		B2FA90C4218F83E100A1B63E /* UserNetwork.swift in Sources */ = {isa = PBXBuildFile; fileRef = B2FA90C3218F83E100A1B63E /* UserNetwork.swift */; };
		B2FA90C7218F848800A1B63E /* UserEndpoints.swift in Sources */ = {isa = PBXBuildFile; fileRef = B2FA90C6218F848800A1B63E /* UserEndpoints.swift */; };
		B2FA90C9218F875C00A1B63E /* Network.swift in Sources */ = {isa = PBXBuildFile; fileRef = B2FA90C8218F875C00A1B63E /* Network.swift */; };
		B2FA90D32190993400A1B63E /* RootTableViewController.swift in Sources */ = {isa = PBXBuildFile; fileRef = B2FA90D22190993400A1B63E /* RootTableViewController.swift */; };
		B2FA90D721909A7000A1B63E /* DashboardCell.swift in Sources */ = {isa = PBXBuildFile; fileRef = B2FA90D621909A7000A1B63E /* DashboardCell.swift */; };
		B2FA90D92190B2EA00A1B63E /* TempData.json in Resources */ = {isa = PBXBuildFile; fileRef = B2FA90D82190B2EA00A1B63E /* TempData.json */; };
		B2FA90DD2190C43C00A1B63E /* DetailViewController.swift in Sources */ = {isa = PBXBuildFile; fileRef = B2FA90DC2190C43C00A1B63E /* DetailViewController.swift */; };
		B2FA90E02190F42100A1B63E /* ColorStyles.swift in Sources */ = {isa = PBXBuildFile; fileRef = B2FA90DF2190F42100A1B63E /* ColorStyles.swift */; };
		B2FA90E22190F4C600A1B63E /* Stylable.swift in Sources */ = {isa = PBXBuildFile; fileRef = B2FA90E12190F4C600A1B63E /* Stylable.swift */; };
		B2FA90E42191138700A1B63E /* ApplicationMaterial.swift in Sources */ = {isa = PBXBuildFile; fileRef = B2FA90E32191138700A1B63E /* ApplicationMaterial.swift */; };
		B2FA90E62191165700A1B63E /* UserApplicationData.swift in Sources */ = {isa = PBXBuildFile; fileRef = B2FA90E52191165700A1B63E /* UserApplicationData.swift */; };
		B486D01BB76A6E58960B9AAB /* Pods_iOS_GoodCodeExerciseSample.framework in Frameworks */ = {isa = PBXBuildFile; fileRef = 7026258F0A29AED93DDAAEBA /* Pods_iOS_GoodCodeExerciseSample.framework */; };
/* End PBXBuildFile section */

/* Begin PBXContainerItemProxy section */
		B2FA90A7218F7C8300A1B63E /* PBXContainerItemProxy */ = {
			isa = PBXContainerItemProxy;
			containerPortal = B2FA9087218F7C8100A1B63E /* Project object */;
			proxyType = 1;
			remoteGlobalIDString = B2FA908E218F7C8100A1B63E;
			remoteInfo = "iOS-GoodCodeExerciseSample";
		};
/* End PBXContainerItemProxy section */

/* Begin PBXFileReference section */
		05F287062D60D7B3AE198DCE /* Pods-iOS-GoodCodeExerciseSampleTests.release.xcconfig */ = {isa = PBXFileReference; includeInIndex = 1; lastKnownFileType = text.xcconfig; name = "Pods-iOS-GoodCodeExerciseSampleTests.release.xcconfig"; path = "Pods/Target Support Files/Pods-iOS-GoodCodeExerciseSampleTests/Pods-iOS-GoodCodeExerciseSampleTests.release.xcconfig"; sourceTree = "<group>"; };
		068915F8A67B89460B8A0882 /* Pods-iOS-GoodCodeExerciseSample.release.xcconfig */ = {isa = PBXFileReference; includeInIndex = 1; lastKnownFileType = text.xcconfig; name = "Pods-iOS-GoodCodeExerciseSample.release.xcconfig"; path = "Pods/Target Support Files/Pods-iOS-GoodCodeExerciseSample/Pods-iOS-GoodCodeExerciseSample.release.xcconfig"; sourceTree = "<group>"; };
		7026258F0A29AED93DDAAEBA /* Pods_iOS_GoodCodeExerciseSample.framework */ = {isa = PBXFileReference; explicitFileType = wrapper.framework; includeInIndex = 0; path = Pods_iOS_GoodCodeExerciseSample.framework; sourceTree = BUILT_PRODUCTS_DIR; };
		7DBEE0158F4FB3555158D124 /* Pods_iOS_GoodCodeExerciseSampleTests.framework */ = {isa = PBXFileReference; explicitFileType = wrapper.framework; includeInIndex = 0; path = Pods_iOS_GoodCodeExerciseSampleTests.framework; sourceTree = BUILT_PRODUCTS_DIR; };
		8292883573530F0441A0D2E4 /* Pods-iOS-GoodCodeExerciseSampleTests.debug.xcconfig */ = {isa = PBXFileReference; includeInIndex = 1; lastKnownFileType = text.xcconfig; name = "Pods-iOS-GoodCodeExerciseSampleTests.debug.xcconfig"; path = "Pods/Target Support Files/Pods-iOS-GoodCodeExerciseSampleTests/Pods-iOS-GoodCodeExerciseSampleTests.debug.xcconfig"; sourceTree = "<group>"; };
		8B175535F7431E6B70F765DD /* Pods-iOS-GoodCodeExerciseSample.debug.xcconfig */ = {isa = PBXFileReference; includeInIndex = 1; lastKnownFileType = text.xcconfig; name = "Pods-iOS-GoodCodeExerciseSample.debug.xcconfig"; path = "Pods/Target Support Files/Pods-iOS-GoodCodeExerciseSample/Pods-iOS-GoodCodeExerciseSample.debug.xcconfig"; sourceTree = "<group>"; };
		B2FA908F218F7C8100A1B63E /* iOS-GoodCodeExerciseSample.app */ = {isa = PBXFileReference; explicitFileType = wrapper.application; includeInIndex = 0; path = "iOS-GoodCodeExerciseSample.app"; sourceTree = BUILT_PRODUCTS_DIR; };
		B2FA9092218F7C8100A1B63E /* AppDelegate.swift */ = {isa = PBXFileReference; lastKnownFileType = sourcecode.swift; path = AppDelegate.swift; sourceTree = "<group>"; };
		B2FA9094218F7C8100A1B63E /* ViewController.swift */ = {isa = PBXFileReference; lastKnownFileType = sourcecode.swift; path = ViewController.swift; sourceTree = "<group>"; };
		B2FA9097218F7C8100A1B63E /* Base */ = {isa = PBXFileReference; lastKnownFileType = file.storyboard; name = Base; path = Base.lproj/Main.storyboard; sourceTree = "<group>"; };
		B2FA909A218F7C8100A1B63E /* iOS_GoodCodeExerciseSample.xcdatamodel */ = {isa = PBXFileReference; lastKnownFileType = wrapper.xcdatamodel; path = iOS_GoodCodeExerciseSample.xcdatamodel; sourceTree = "<group>"; };
		B2FA909C218F7C8300A1B63E /* Assets.xcassets */ = {isa = PBXFileReference; lastKnownFileType = folder.assetcatalog; path = Assets.xcassets; sourceTree = "<group>"; };
		B2FA909F218F7C8300A1B63E /* Base */ = {isa = PBXFileReference; lastKnownFileType = file.storyboard; name = Base; path = Base.lproj/LaunchScreen.storyboard; sourceTree = "<group>"; };
		B2FA90A1218F7C8300A1B63E /* Info.plist */ = {isa = PBXFileReference; lastKnownFileType = text.plist.xml; path = Info.plist; sourceTree = "<group>"; };
		B2FA90A6218F7C8300A1B63E /* iOS-GoodCodeExerciseSampleTests.xctest */ = {isa = PBXFileReference; explicitFileType = wrapper.cfbundle; includeInIndex = 0; path = "iOS-GoodCodeExerciseSampleTests.xctest"; sourceTree = BUILT_PRODUCTS_DIR; };
		B2FA90AA218F7C8300A1B63E /* iOS_GoodCodeExerciseSampleTests.swift */ = {isa = PBXFileReference; lastKnownFileType = sourcecode.swift; path = iOS_GoodCodeExerciseSampleTests.swift; sourceTree = "<group>"; };
		B2FA90AC218F7C8300A1B63E /* Info.plist */ = {isa = PBXFileReference; lastKnownFileType = text.plist.xml; path = Info.plist; sourceTree = "<group>"; };
		B2FA90B5218F7FA300A1B63E /* GoogleService-Info.plist */ = {isa = PBXFileReference; fileEncoding = 4; lastKnownFileType = text.plist.xml; path = "GoogleService-Info.plist"; sourceTree = "<group>"; };
		B2FA90B9218F818D00A1B63E /* FirebaseEndpoints.swift */ = {isa = PBXFileReference; lastKnownFileType = sourcecode.swift; path = FirebaseEndpoints.swift; sourceTree = "<group>"; };
		B2FA90BC218F82B100A1B63E /* UserData.swift */ = {isa = PBXFileReference; lastKnownFileType = sourcecode.swift; path = UserData.swift; sourceTree = "<group>"; };
		B2FA90BE218F831400A1B63E /* NetworkManager.swift */ = {isa = PBXFileReference; lastKnownFileType = sourcecode.swift; path = NetworkManager.swift; sourceTree = "<group>"; };
		B2FA90C3218F83E100A1B63E /* UserNetwork.swift */ = {isa = PBXFileReference; lastKnownFileType = sourcecode.swift; path = UserNetwork.swift; sourceTree = "<group>"; };
		B2FA90C6218F848800A1B63E /* UserEndpoints.swift */ = {isa = PBXFileReference; lastKnownFileType = sourcecode.swift; path = UserEndpoints.swift; sourceTree = "<group>"; };
		B2FA90C8218F875C00A1B63E /* Network.swift */ = {isa = PBXFileReference; lastKnownFileType = sourcecode.swift; path = Network.swift; sourceTree = "<group>"; };
		B2FA90D22190993400A1B63E /* RootTableViewController.swift */ = {isa = PBXFileReference; lastKnownFileType = sourcecode.swift; path = RootTableViewController.swift; sourceTree = "<group>"; };
		B2FA90D621909A7000A1B63E /* DashboardCell.swift */ = {isa = PBXFileReference; lastKnownFileType = sourcecode.swift; path = DashboardCell.swift; sourceTree = "<group>"; };
		B2FA90D82190B2EA00A1B63E /* TempData.json */ = {isa = PBXFileReference; lastKnownFileType = text.json; path = TempData.json; sourceTree = "<group>"; };
		B2FA90DC2190C43C00A1B63E /* DetailViewController.swift */ = {isa = PBXFileReference; lastKnownFileType = sourcecode.swift; path = DetailViewController.swift; sourceTree = "<group>"; };
		B2FA90DF2190F42100A1B63E /* ColorStyles.swift */ = {isa = PBXFileReference; lastKnownFileType = sourcecode.swift; path = ColorStyles.swift; sourceTree = "<group>"; };
		B2FA90E12190F4C600A1B63E /* Stylable.swift */ = {isa = PBXFileReference; lastKnownFileType = sourcecode.swift; path = Stylable.swift; sourceTree = "<group>"; };
		B2FA90E32191138700A1B63E /* ApplicationMaterial.swift */ = {isa = PBXFileReference; lastKnownFileType = sourcecode.swift; path = ApplicationMaterial.swift; sourceTree = "<group>"; };
		B2FA90E52191165700A1B63E /* UserApplicationData.swift */ = {isa = PBXFileReference; lastKnownFileType = sourcecode.swift; path = UserApplicationData.swift; sourceTree = "<group>"; };
/* End PBXFileReference section */

/* Begin PBXFrameworksBuildPhase section */
		B2FA908C218F7C8100A1B63E /* Frameworks */ = {
			isa = PBXFrameworksBuildPhase;
			buildActionMask = 2147483647;
			files = (
				B486D01BB76A6E58960B9AAB /* Pods_iOS_GoodCodeExerciseSample.framework in Frameworks */,
			);
			runOnlyForDeploymentPostprocessing = 0;
		};
		B2FA90A3218F7C8300A1B63E /* Frameworks */ = {
			isa = PBXFrameworksBuildPhase;
			buildActionMask = 2147483647;
			files = (
				0967265E710DAA282B3D9876 /* Pods_iOS_GoodCodeExerciseSampleTests.framework in Frameworks */,
			);
			runOnlyForDeploymentPostprocessing = 0;
		};
/* End PBXFrameworksBuildPhase section */

/* Begin PBXGroup section */
		985348A1B3FA1DB5A2B4A263 /* Pods */ = {
			isa = PBXGroup;
			children = (
				8B175535F7431E6B70F765DD /* Pods-iOS-GoodCodeExerciseSample.debug.xcconfig */,
				068915F8A67B89460B8A0882 /* Pods-iOS-GoodCodeExerciseSample.release.xcconfig */,
				8292883573530F0441A0D2E4 /* Pods-iOS-GoodCodeExerciseSampleTests.debug.xcconfig */,
				05F287062D60D7B3AE198DCE /* Pods-iOS-GoodCodeExerciseSampleTests.release.xcconfig */,
			);
			name = Pods;
			sourceTree = "<group>";
		};
		B2FA9086218F7C8100A1B63E = {
			isa = PBXGroup;
			children = (
				B2FA9091218F7C8100A1B63E /* iOS-GoodCodeExerciseSample */,
				B2FA90A9218F7C8300A1B63E /* iOS-GoodCodeExerciseSampleTests */,
				B2FA9090218F7C8100A1B63E /* Products */,
				985348A1B3FA1DB5A2B4A263 /* Pods */,
				F9FF791D371F597B2CBFDD95 /* Frameworks */,
			);
			sourceTree = "<group>";
		};
		B2FA9090218F7C8100A1B63E /* Products */ = {
			isa = PBXGroup;
			children = (
				B2FA908F218F7C8100A1B63E /* iOS-GoodCodeExerciseSample.app */,
				B2FA90A6218F7C8300A1B63E /* iOS-GoodCodeExerciseSampleTests.xctest */,
			);
			name = Products;
			sourceTree = "<group>";
		};
		B2FA9091218F7C8100A1B63E /* iOS-GoodCodeExerciseSample */ = {
			isa = PBXGroup;
			children = (
				B2FA90DE2190F40900A1B63E /* Styles */,
				B2FA90D421909A5200A1B63E /* UIComponents */,
				B2FA90CF219098ED00A1B63E /* ViewControllers */,
				B2FA90BB218F829800A1B63E /* DataModels */,
				B2FA90B7218F814900A1B63E /* NetworkLayer */,
				B2FA9092218F7C8100A1B63E /* AppDelegate.swift */,
				B2FA9094218F7C8100A1B63E /* ViewController.swift */,
				B2FA9096218F7C8100A1B63E /* Main.storyboard */,
				B2FA909C218F7C8300A1B63E /* Assets.xcassets */,
				B2FA909E218F7C8300A1B63E /* LaunchScreen.storyboard */,
				B2FA90A1218F7C8300A1B63E /* Info.plist */,
				B2FA9099218F7C8100A1B63E /* iOS_GoodCodeExerciseSample.xcdatamodeld */,
				B2FA90B5218F7FA300A1B63E /* GoogleService-Info.plist */,
				B2FA90D82190B2EA00A1B63E /* TempData.json */,
			);
			path = "iOS-GoodCodeExerciseSample";
			sourceTree = "<group>";
		};
		B2FA90A9218F7C8300A1B63E /* iOS-GoodCodeExerciseSampleTests */ = {
			isa = PBXGroup;
			children = (
				B2FA90AA218F7C8300A1B63E /* iOS_GoodCodeExerciseSampleTests.swift */,
				B2FA90AC218F7C8300A1B63E /* Info.plist */,
			);
			path = "iOS-GoodCodeExerciseSampleTests";
			sourceTree = "<group>";
		};
		B2FA90B7218F814900A1B63E /* NetworkLayer */ = {
			isa = PBXGroup;
			children = (
				B2FA90C2218F83CD00A1B63E /* TypeNetwork */,
				B2FA90B8218F816D00A1B63E /* FirebaseEndpoints */,
				B2FA90BE218F831400A1B63E /* NetworkManager.swift */,
				B2FA90C8218F875C00A1B63E /* Network.swift */,
			);
			path = NetworkLayer;
			sourceTree = "<group>";
		};
		B2FA90B8218F816D00A1B63E /* FirebaseEndpoints */ = {
			isa = PBXGroup;
			children = (
				B2FA90C5218F847400A1B63E /* NetworkEndpoints */,
				B2FA90B9218F818D00A1B63E /* FirebaseEndpoints.swift */,
			);
			path = FirebaseEndpoints;
			sourceTree = "<group>";
		};
		B2FA90BB218F829800A1B63E /* DataModels */ = {
			isa = PBXGroup;
			children = (
				B2FA90BC218F82B100A1B63E /* UserData.swift */,
				B2FA90E32191138700A1B63E /* ApplicationMaterial.swift */,
				B2FA90E52191165700A1B63E /* UserApplicationData.swift */,
			);
			path = DataModels;
			sourceTree = "<group>";
		};
		B2FA90C2218F83CD00A1B63E /* TypeNetwork */ = {
			isa = PBXGroup;
			children = (
				B2FA90C3218F83E100A1B63E /* UserNetwork.swift */,
			);
			path = TypeNetwork;
			sourceTree = "<group>";
		};
		B2FA90C5218F847400A1B63E /* NetworkEndpoints */ = {
			isa = PBXGroup;
			children = (
				B2FA90C6218F848800A1B63E /* UserEndpoints.swift */,
			);
			path = NetworkEndpoints;
			sourceTree = "<group>";
		};
		B2FA90CF219098ED00A1B63E /* ViewControllers */ = {
			isa = PBXGroup;
			children = (
				B2FA90D22190993400A1B63E /* RootTableViewController.swift */,
				B2FA90DC2190C43C00A1B63E /* DetailViewController.swift */,
			);
			path = ViewControllers;
			sourceTree = "<group>";
		};
		B2FA90D421909A5200A1B63E /* UIComponents */ = {
			isa = PBXGroup;
			children = (
				B2FA90D521909A5B00A1B63E /* TableViewCell */,
			);
			path = UIComponents;
			sourceTree = "<group>";
		};
		B2FA90D521909A5B00A1B63E /* TableViewCell */ = {
			isa = PBXGroup;
			children = (
				B2FA90D621909A7000A1B63E /* DashboardCell.swift */,
			);
			path = TableViewCell;
			sourceTree = "<group>";
		};
		B2FA90DE2190F40900A1B63E /* Styles */ = {
			isa = PBXGroup;
			children = (
				B2FA90DF2190F42100A1B63E /* ColorStyles.swift */,
				B2FA90E12190F4C600A1B63E /* Stylable.swift */,
			);
			path = Styles;
			sourceTree = "<group>";
		};
		F9FF791D371F597B2CBFDD95 /* Frameworks */ = {
			isa = PBXGroup;
			children = (
				7026258F0A29AED93DDAAEBA /* Pods_iOS_GoodCodeExerciseSample.framework */,
				7DBEE0158F4FB3555158D124 /* Pods_iOS_GoodCodeExerciseSampleTests.framework */,
			);
			name = Frameworks;
			sourceTree = "<group>";
		};
/* End PBXGroup section */

/* Begin PBXNativeTarget section */
		B2FA908E218F7C8100A1B63E /* iOS-GoodCodeExerciseSample */ = {
			isa = PBXNativeTarget;
			buildConfigurationList = B2FA90AF218F7C8300A1B63E /* Build configuration list for PBXNativeTarget "iOS-GoodCodeExerciseSample" */;
			buildPhases = (
				26016ADF9E79A727E74182B4 /* [CP] Check Pods Manifest.lock */,
				B2FA908B218F7C8100A1B63E /* Sources */,
				B2FA908C218F7C8100A1B63E /* Frameworks */,
				B2FA908D218F7C8100A1B63E /* Resources */,
				73C4BE58D94E1E283E0A7568 /* [CP] Embed Pods Frameworks */,
			);
			buildRules = (
			);
			dependencies = (
			);
			name = "iOS-GoodCodeExerciseSample";
			productName = "iOS-GoodCodeExerciseSample";
			productReference = B2FA908F218F7C8100A1B63E /* iOS-GoodCodeExerciseSample.app */;
			productType = "com.apple.product-type.application";
		};
		B2FA90A5218F7C8300A1B63E /* iOS-GoodCodeExerciseSampleTests */ = {
			isa = PBXNativeTarget;
			buildConfigurationList = B2FA90B2218F7C8300A1B63E /* Build configuration list for PBXNativeTarget "iOS-GoodCodeExerciseSampleTests" */;
			buildPhases = (
				5F0A559034FE2BF5A48446DA /* [CP] Check Pods Manifest.lock */,
				B2FA90A2218F7C8300A1B63E /* Sources */,
				B2FA90A3218F7C8300A1B63E /* Frameworks */,
				B2FA90A4218F7C8300A1B63E /* Resources */,
			);
			buildRules = (
			);
			dependencies = (
				B2FA90A8218F7C8300A1B63E /* PBXTargetDependency */,
			);
			name = "iOS-GoodCodeExerciseSampleTests";
			productName = "iOS-GoodCodeExerciseSampleTests";
			productReference = B2FA90A6218F7C8300A1B63E /* iOS-GoodCodeExerciseSampleTests.xctest */;
			productType = "com.apple.product-type.bundle.unit-test";
		};
/* End PBXNativeTarget section */

/* Begin PBXProject section */
		B2FA9087218F7C8100A1B63E /* Project object */ = {
			isa = PBXProject;
			attributes = {
				LastSwiftUpdateCheck = 1000;
				LastUpgradeCheck = 1000;
				ORGANIZATIONNAME = "Tomoki Takasawa";
				TargetAttributes = {
					B2FA908E218F7C8100A1B63E = {
						CreatedOnToolsVersion = 10.0;
					};
					B2FA90A5218F7C8300A1B63E = {
						CreatedOnToolsVersion = 10.0;
						TestTargetID = B2FA908E218F7C8100A1B63E;
					};
				};
			};
			buildConfigurationList = B2FA908A218F7C8100A1B63E /* Build configuration list for PBXProject "iOS-GoodCodeExerciseSample" */;
			compatibilityVersion = "Xcode 9.3";
			developmentRegion = en;
			hasScannedForEncodings = 0;
			knownRegions = (
				en,
				Base,
			);
			mainGroup = B2FA9086218F7C8100A1B63E;
			productRefGroup = B2FA9090218F7C8100A1B63E /* Products */;
			projectDirPath = "";
			projectRoot = "";
			targets = (
				B2FA908E218F7C8100A1B63E /* iOS-GoodCodeExerciseSample */,
				B2FA90A5218F7C8300A1B63E /* iOS-GoodCodeExerciseSampleTests */,
			);
		};
/* End PBXProject section */

/* Begin PBXResourcesBuildPhase section */
		B2FA908D218F7C8100A1B63E /* Resources */ = {
			isa = PBXResourcesBuildPhase;
			buildActionMask = 2147483647;
			files = (
				B2FA90B6218F7FA400A1B63E /* GoogleService-Info.plist in Resources */,
				B2FA90D92190B2EA00A1B63E /* TempData.json in Resources */,
				B2FA90A0218F7C8300A1B63E /* LaunchScreen.storyboard in Resources */,
				B2FA909D218F7C8300A1B63E /* Assets.xcassets in Resources */,
				B2FA9098218F7C8100A1B63E /* Main.storyboard in Resources */,
			);
			runOnlyForDeploymentPostprocessing = 0;
		};
		B2FA90A4218F7C8300A1B63E /* Resources */ = {
			isa = PBXResourcesBuildPhase;
			buildActionMask = 2147483647;
			files = (
			);
			runOnlyForDeploymentPostprocessing = 0;
		};
/* End PBXResourcesBuildPhase section */

/* Begin PBXShellScriptBuildPhase section */
		26016ADF9E79A727E74182B4 /* [CP] Check Pods Manifest.lock */ = {
			isa = PBXShellScriptBuildPhase;
			buildActionMask = 2147483647;
			files = (
			);
			inputPaths = (
				"${PODS_PODFILE_DIR_PATH}/Podfile.lock",
				"${PODS_ROOT}/Manifest.lock",
			);
			name = "[CP] Check Pods Manifest.lock";
			outputPaths = (
				"$(DERIVED_FILE_DIR)/Pods-iOS-GoodCodeExerciseSample-checkManifestLockResult.txt",
			);
			runOnlyForDeploymentPostprocessing = 0;
			shellPath = /bin/sh;
			shellScript = "diff \"${PODS_PODFILE_DIR_PATH}/Podfile.lock\" \"${PODS_ROOT}/Manifest.lock\" > /dev/null\nif [ $? != 0 ] ; then\n    # print error to STDERR\n    echo \"error: The sandbox is not in sync with the Podfile.lock. Run 'pod install' or update your CocoaPods installation.\" >&2\n    exit 1\nfi\n# This output is used by Xcode 'outputs' to avoid re-running this script phase.\necho \"SUCCESS\" > \"${SCRIPT_OUTPUT_FILE_0}\"\n";
			showEnvVarsInLog = 0;
		};
		5F0A559034FE2BF5A48446DA /* [CP] Check Pods Manifest.lock */ = {
			isa = PBXShellScriptBuildPhase;
			buildActionMask = 2147483647;
			files = (
			);
			inputPaths = (
				"${PODS_PODFILE_DIR_PATH}/Podfile.lock",
				"${PODS_ROOT}/Manifest.lock",
			);
			name = "[CP] Check Pods Manifest.lock";
			outputPaths = (
				"$(DERIVED_FILE_DIR)/Pods-iOS-GoodCodeExerciseSampleTests-checkManifestLockResult.txt",
			);
			runOnlyForDeploymentPostprocessing = 0;
			shellPath = /bin/sh;
			shellScript = "diff \"${PODS_PODFILE_DIR_PATH}/Podfile.lock\" \"${PODS_ROOT}/Manifest.lock\" > /dev/null\nif [ $? != 0 ] ; then\n    # print error to STDERR\n    echo \"error: The sandbox is not in sync with the Podfile.lock. Run 'pod install' or update your CocoaPods installation.\" >&2\n    exit 1\nfi\n# This output is used by Xcode 'outputs' to avoid re-running this script phase.\necho \"SUCCESS\" > \"${SCRIPT_OUTPUT_FILE_0}\"\n";
			showEnvVarsInLog = 0;
		};
		73C4BE58D94E1E283E0A7568 /* [CP] Embed Pods Frameworks */ = {
			isa = PBXShellScriptBuildPhase;
			buildActionMask = 2147483647;
			files = (
			);
			inputPaths = (
				"${SRCROOT}/Pods/Target Support Files/Pods-iOS-GoodCodeExerciseSample/Pods-iOS-GoodCodeExerciseSample-frameworks.sh",
				"${BUILT_PRODUCTS_DIR}/Alamofire/Alamofire.framework",
				"${BUILT_PRODUCTS_DIR}/AlamofireImage/AlamofireImage.framework",
				"${BUILT_PRODUCTS_DIR}/CodableFirebase/CodableFirebase.framework",
				"${BUILT_PRODUCTS_DIR}/GTMSessionFetcher/GTMSessionFetcher.framework",
				"${BUILT_PRODUCTS_DIR}/GoogleUtilities/GoogleUtilities.framework",
				"${BUILT_PRODUCTS_DIR}/NVActivityIndicatorView/NVActivityIndicatorView.framework",
				"${BUILT_PRODUCTS_DIR}/leveldb-library/leveldb.framework",
				"${BUILT_PRODUCTS_DIR}/nanopb/nanopb.framework",
			);
			name = "[CP] Embed Pods Frameworks";
			outputPaths = (
				"${TARGET_BUILD_DIR}/${FRAMEWORKS_FOLDER_PATH}/Alamofire.framework",
				"${TARGET_BUILD_DIR}/${FRAMEWORKS_FOLDER_PATH}/AlamofireImage.framework",
				"${TARGET_BUILD_DIR}/${FRAMEWORKS_FOLDER_PATH}/CodableFirebase.framework",
				"${TARGET_BUILD_DIR}/${FRAMEWORKS_FOLDER_PATH}/GTMSessionFetcher.framework",
				"${TARGET_BUILD_DIR}/${FRAMEWORKS_FOLDER_PATH}/GoogleUtilities.framework",
				"${TARGET_BUILD_DIR}/${FRAMEWORKS_FOLDER_PATH}/NVActivityIndicatorView.framework",
				"${TARGET_BUILD_DIR}/${FRAMEWORKS_FOLDER_PATH}/leveldb.framework",
				"${TARGET_BUILD_DIR}/${FRAMEWORKS_FOLDER_PATH}/nanopb.framework",
			);
			runOnlyForDeploymentPostprocessing = 0;
			shellPath = /bin/sh;
			shellScript = "\"${SRCROOT}/Pods/Target Support Files/Pods-iOS-GoodCodeExerciseSample/Pods-iOS-GoodCodeExerciseSample-frameworks.sh\"\n";
			showEnvVarsInLog = 0;
		};
/* End PBXShellScriptBuildPhase section */

/* Begin PBXSourcesBuildPhase section */
		B2FA908B218F7C8100A1B63E /* Sources */ = {
			isa = PBXSourcesBuildPhase;
			buildActionMask = 2147483647;
			files = (
				B2FA90BF218F831400A1B63E /* NetworkManager.swift in Sources */,
				B2FA90E62191165700A1B63E /* UserApplicationData.swift in Sources */,
				B2FA90E02190F42100A1B63E /* ColorStyles.swift in Sources */,
				B2FA90C7218F848800A1B63E /* UserEndpoints.swift in Sources */,
				B2FA909B218F7C8100A1B63E /* iOS_GoodCodeExerciseSample.xcdatamodeld in Sources */,
				B2FA90DD2190C43C00A1B63E /* DetailViewController.swift in Sources */,
				B2FA90E22190F4C600A1B63E /* Stylable.swift in Sources */,
				B2FA90C4218F83E100A1B63E /* UserNetwork.swift in Sources */,
				B2FA9095218F7C8100A1B63E /* ViewController.swift in Sources */,
				B2FA90D721909A7000A1B63E /* DashboardCell.swift in Sources */,
				B2FA90C9218F875C00A1B63E /* Network.swift in Sources */,
				B2FA90BA218F818D00A1B63E /* FirebaseEndpoints.swift in Sources */,
				B2FA90D32190993400A1B63E /* RootTableViewController.swift in Sources */,
				B2FA90BD218F82B100A1B63E /* UserData.swift in Sources */,
				B2FA90E42191138700A1B63E /* ApplicationMaterial.swift in Sources */,
				B2FA9093218F7C8100A1B63E /* AppDelegate.swift in Sources */,
			);
			runOnlyForDeploymentPostprocessing = 0;
		};
		B2FA90A2218F7C8300A1B63E /* Sources */ = {
			isa = PBXSourcesBuildPhase;
			buildActionMask = 2147483647;
			files = (
				B2FA90AB218F7C8300A1B63E /* iOS_GoodCodeExerciseSampleTests.swift in Sources */,
			);
			runOnlyForDeploymentPostprocessing = 0;
		};
/* End PBXSourcesBuildPhase section */

/* Begin PBXTargetDependency section */
		B2FA90A8218F7C8300A1B63E /* PBXTargetDependency */ = {
			isa = PBXTargetDependency;
			target = B2FA908E218F7C8100A1B63E /* iOS-GoodCodeExerciseSample */;
			targetProxy = B2FA90A7218F7C8300A1B63E /* PBXContainerItemProxy */;
		};
/* End PBXTargetDependency section */

/* Begin PBXVariantGroup section */
		B2FA9096218F7C8100A1B63E /* Main.storyboard */ = {
			isa = PBXVariantGroup;
			children = (
				B2FA9097218F7C8100A1B63E /* Base */,
			);
			name = Main.storyboard;
			sourceTree = "<group>";
		};
		B2FA909E218F7C8300A1B63E /* LaunchScreen.storyboard */ = {
			isa = PBXVariantGroup;
			children = (
				B2FA909F218F7C8300A1B63E /* Base */,
			);
			name = LaunchScreen.storyboard;
			sourceTree = "<group>";
		};
/* End PBXVariantGroup section */

/* Begin XCBuildConfiguration section */
		B2FA90AD218F7C8300A1B63E /* Debug */ = {
			isa = XCBuildConfiguration;
			buildSettings = {
				ALWAYS_SEARCH_USER_PATHS = NO;
				CLANG_ANALYZER_NONNULL = YES;
				CLANG_ANALYZER_NUMBER_OBJECT_CONVERSION = YES_AGGRESSIVE;
				CLANG_CXX_LANGUAGE_STANDARD = "gnu++14";
				CLANG_CXX_LIBRARY = "libc++";
				CLANG_ENABLE_MODULES = YES;
				CLANG_ENABLE_OBJC_ARC = YES;
				CLANG_ENABLE_OBJC_WEAK = YES;
				CLANG_WARN_BLOCK_CAPTURE_AUTORELEASING = YES;
				CLANG_WARN_BOOL_CONVERSION = YES;
				CLANG_WARN_COMMA = YES;
				CLANG_WARN_CONSTANT_CONVERSION = YES;
				CLANG_WARN_DEPRECATED_OBJC_IMPLEMENTATIONS = YES;
				CLANG_WARN_DIRECT_OBJC_ISA_USAGE = YES_ERROR;
				CLANG_WARN_DOCUMENTATION_COMMENTS = YES;
				CLANG_WARN_EMPTY_BODY = YES;
				CLANG_WARN_ENUM_CONVERSION = YES;
				CLANG_WARN_INFINITE_RECURSION = YES;
				CLANG_WARN_INT_CONVERSION = YES;
				CLANG_WARN_NON_LITERAL_NULL_CONVERSION = YES;
				CLANG_WARN_OBJC_IMPLICIT_RETAIN_SELF = YES;
				CLANG_WARN_OBJC_LITERAL_CONVERSION = YES;
				CLANG_WARN_OBJC_ROOT_CLASS = YES_ERROR;
				CLANG_WARN_RANGE_LOOP_ANALYSIS = YES;
				CLANG_WARN_STRICT_PROTOTYPES = YES;
				CLANG_WARN_SUSPICIOUS_MOVE = YES;
				CLANG_WARN_UNGUARDED_AVAILABILITY = YES_AGGRESSIVE;
				CLANG_WARN_UNREACHABLE_CODE = YES;
				CLANG_WARN__DUPLICATE_METHOD_MATCH = YES;
				CODE_SIGN_IDENTITY = "iPhone Developer";
				COPY_PHASE_STRIP = NO;
				DEBUG_INFORMATION_FORMAT = dwarf;
				ENABLE_STRICT_OBJC_MSGSEND = YES;
				ENABLE_TESTABILITY = YES;
				GCC_C_LANGUAGE_STANDARD = gnu11;
				GCC_DYNAMIC_NO_PIC = NO;
				GCC_NO_COMMON_BLOCKS = YES;
				GCC_OPTIMIZATION_LEVEL = 0;
				GCC_PREPROCESSOR_DEFINITIONS = (
					"DEBUG=1",
					"$(inherited)",
				);
				GCC_WARN_64_TO_32_BIT_CONVERSION = YES;
				GCC_WARN_ABOUT_RETURN_TYPE = YES_ERROR;
				GCC_WARN_UNDECLARED_SELECTOR = YES;
				GCC_WARN_UNINITIALIZED_AUTOS = YES_AGGRESSIVE;
				GCC_WARN_UNUSED_FUNCTION = YES;
				GCC_WARN_UNUSED_VARIABLE = YES;
				IPHONEOS_DEPLOYMENT_TARGET = 12.0;
				MTL_ENABLE_DEBUG_INFO = INCLUDE_SOURCE;
				MTL_FAST_MATH = YES;
				ONLY_ACTIVE_ARCH = YES;
				SDKROOT = iphoneos;
				SWIFT_ACTIVE_COMPILATION_CONDITIONS = DEBUG;
				SWIFT_OPTIMIZATION_LEVEL = "-Onone";
			};
			name = Debug;
		};
		B2FA90AE218F7C8300A1B63E /* Release */ = {
			isa = XCBuildConfiguration;
			buildSettings = {
				ALWAYS_SEARCH_USER_PATHS = NO;
				CLANG_ANALYZER_NONNULL = YES;
				CLANG_ANALYZER_NUMBER_OBJECT_CONVERSION = YES_AGGRESSIVE;
				CLANG_CXX_LANGUAGE_STANDARD = "gnu++14";
				CLANG_CXX_LIBRARY = "libc++";
				CLANG_ENABLE_MODULES = YES;
				CLANG_ENABLE_OBJC_ARC = YES;
				CLANG_ENABLE_OBJC_WEAK = YES;
				CLANG_WARN_BLOCK_CAPTURE_AUTORELEASING = YES;
				CLANG_WARN_BOOL_CONVERSION = YES;
				CLANG_WARN_COMMA = YES;
				CLANG_WARN_CONSTANT_CONVERSION = YES;
				CLANG_WARN_DEPRECATED_OBJC_IMPLEMENTATIONS = YES;
				CLANG_WARN_DIRECT_OBJC_ISA_USAGE = YES_ERROR;
				CLANG_WARN_DOCUMENTATION_COMMENTS = YES;
				CLANG_WARN_EMPTY_BODY = YES;
				CLANG_WARN_ENUM_CONVERSION = YES;
				CLANG_WARN_INFINITE_RECURSION = YES;
				CLANG_WARN_INT_CONVERSION = YES;
				CLANG_WARN_NON_LITERAL_NULL_CONVERSION = YES;
				CLANG_WARN_OBJC_IMPLICIT_RETAIN_SELF = YES;
				CLANG_WARN_OBJC_LITERAL_CONVERSION = YES;
				CLANG_WARN_OBJC_ROOT_CLASS = YES_ERROR;
				CLANG_WARN_RANGE_LOOP_ANALYSIS = YES;
				CLANG_WARN_STRICT_PROTOTYPES = YES;
				CLANG_WARN_SUSPICIOUS_MOVE = YES;
				CLANG_WARN_UNGUARDED_AVAILABILITY = YES_AGGRESSIVE;
				CLANG_WARN_UNREACHABLE_CODE = YES;
				CLANG_WARN__DUPLICATE_METHOD_MATCH = YES;
				CODE_SIGN_IDENTITY = "iPhone Developer";
				COPY_PHASE_STRIP = NO;
				DEBUG_INFORMATION_FORMAT = "dwarf-with-dsym";
				ENABLE_NS_ASSERTIONS = NO;
				ENABLE_STRICT_OBJC_MSGSEND = YES;
				GCC_C_LANGUAGE_STANDARD = gnu11;
				GCC_NO_COMMON_BLOCKS = YES;
				GCC_WARN_64_TO_32_BIT_CONVERSION = YES;
				GCC_WARN_ABOUT_RETURN_TYPE = YES_ERROR;
				GCC_WARN_UNDECLARED_SELECTOR = YES;
				GCC_WARN_UNINITIALIZED_AUTOS = YES_AGGRESSIVE;
				GCC_WARN_UNUSED_FUNCTION = YES;
				GCC_WARN_UNUSED_VARIABLE = YES;
				IPHONEOS_DEPLOYMENT_TARGET = 12.0;
				MTL_ENABLE_DEBUG_INFO = NO;
				MTL_FAST_MATH = YES;
				SDKROOT = iphoneos;
				SWIFT_COMPILATION_MODE = wholemodule;
				SWIFT_OPTIMIZATION_LEVEL = "-O";
				VALIDATE_PRODUCT = YES;
			};
			name = Release;
		};
		B2FA90B0218F7C8300A1B63E /* Debug */ = {
			isa = XCBuildConfiguration;
			baseConfigurationReference = 8B175535F7431E6B70F765DD /* Pods-iOS-GoodCodeExerciseSample.debug.xcconfig */;
			buildSettings = {
				ASSETCATALOG_COMPILER_APPICON_NAME = AppIcon;
				CODE_SIGN_STYLE = Automatic;
				DEVELOPMENT_TEAM = 3ES7WL3NG8;
				INFOPLIST_FILE = "iOS-GoodCodeExerciseSample/Info.plist";
				LD_RUNPATH_SEARCH_PATHS = (
					"$(inherited)",
					"@executable_path/Frameworks",
				);
				PRODUCT_BUNDLE_IDENTIFIER = "com.ttakasawa.iOS-GoodCodeExerciseSample";
				PRODUCT_NAME = "$(TARGET_NAME)";
				SWIFT_VERSION = 4.2;
				TARGETED_DEVICE_FAMILY = "1,2";
			};
			name = Debug;
		};
		B2FA90B1218F7C8300A1B63E /* Release */ = {
			isa = XCBuildConfiguration;
			baseConfigurationReference = 068915F8A67B89460B8A0882 /* Pods-iOS-GoodCodeExerciseSample.release.xcconfig */;
			buildSettings = {
				ASSETCATALOG_COMPILER_APPICON_NAME = AppIcon;
				CODE_SIGN_STYLE = Automatic;
				DEVELOPMENT_TEAM = 3ES7WL3NG8;
				INFOPLIST_FILE = "iOS-GoodCodeExerciseSample/Info.plist";
				LD_RUNPATH_SEARCH_PATHS = (
					"$(inherited)",
					"@executable_path/Frameworks",
				);
				PRODUCT_BUNDLE_IDENTIFIER = "com.ttakasawa.iOS-GoodCodeExerciseSample";
				PRODUCT_NAME = "$(TARGET_NAME)";
				SWIFT_VERSION = 4.2;
				TARGETED_DEVICE_FAMILY = "1,2";
			};
			name = Release;
		};
		B2FA90B3218F7C8300A1B63E /* Debug */ = {
			isa = XCBuildConfiguration;
			baseConfigurationReference = 8292883573530F0441A0D2E4 /* Pods-iOS-GoodCodeExerciseSampleTests.debug.xcconfig */;
			buildSettings = {
				ALWAYS_EMBED_SWIFT_STANDARD_LIBRARIES = YES;
				BUNDLE_LOADER = "$(TEST_HOST)";
				CODE_SIGN_STYLE = Automatic;
				DEVELOPMENT_TEAM = 3ES7WL3NG8;
				INFOPLIST_FILE = "iOS-GoodCodeExerciseSampleTests/Info.plist";
				LD_RUNPATH_SEARCH_PATHS = (
					"$(inherited)",
					"@executable_path/Frameworks",
					"@loader_path/Frameworks",
				);
				PRODUCT_BUNDLE_IDENTIFIER = "com.ttakasawa.iOS-GoodCodeExerciseSampleTests";
				PRODUCT_NAME = "$(TARGET_NAME)";
				SWIFT_VERSION = 4.2;
				TARGETED_DEVICE_FAMILY = "1,2";
				TEST_HOST = "$(BUILT_PRODUCTS_DIR)/iOS-GoodCodeExerciseSample.app/iOS-GoodCodeExerciseSample";
			};
			name = Debug;
		};
		B2FA90B4218F7C8300A1B63E /* Release */ = {
			isa = XCBuildConfiguration;
			baseConfigurationReference = 05F287062D60D7B3AE198DCE /* Pods-iOS-GoodCodeExerciseSampleTests.release.xcconfig */;
			buildSettings = {
				ALWAYS_EMBED_SWIFT_STANDARD_LIBRARIES = YES;
				BUNDLE_LOADER = "$(TEST_HOST)";
				CODE_SIGN_STYLE = Automatic;
				DEVELOPMENT_TEAM = 3ES7WL3NG8;
				INFOPLIST_FILE = "iOS-GoodCodeExerciseSampleTests/Info.plist";
				LD_RUNPATH_SEARCH_PATHS = (
					"$(inherited)",
					"@executable_path/Frameworks",
					"@loader_path/Frameworks",
				);
				PRODUCT_BUNDLE_IDENTIFIER = "com.ttakasawa.iOS-GoodCodeExerciseSampleTests";
				PRODUCT_NAME = "$(TARGET_NAME)";
				SWIFT_VERSION = 4.2;
				TARGETED_DEVICE_FAMILY = "1,2";
				TEST_HOST = "$(BUILT_PRODUCTS_DIR)/iOS-GoodCodeExerciseSample.app/iOS-GoodCodeExerciseSample";
			};
			name = Release;
		};
/* End XCBuildConfiguration section */

/* Begin XCConfigurationList section */
		B2FA908A218F7C8100A1B63E /* Build configuration list for PBXProject "iOS-GoodCodeExerciseSample" */ = {
			isa = XCConfigurationList;
			buildConfigurations = (
				B2FA90AD218F7C8300A1B63E /* Debug */,
				B2FA90AE218F7C8300A1B63E /* Release */,
			);
			defaultConfigurationIsVisible = 0;
			defaultConfigurationName = Release;
		};
		B2FA90AF218F7C8300A1B63E /* Build configuration list for PBXNativeTarget "iOS-GoodCodeExerciseSample" */ = {
			isa = XCConfigurationList;
			buildConfigurations = (
				B2FA90B0218F7C8300A1B63E /* Debug */,
				B2FA90B1218F7C8300A1B63E /* Release */,
			);
			defaultConfigurationIsVisible = 0;
			defaultConfigurationName = Release;
		};
		B2FA90B2218F7C8300A1B63E /* Build configuration list for PBXNativeTarget "iOS-GoodCodeExerciseSampleTests" */ = {
			isa = XCConfigurationList;
			buildConfigurations = (
				B2FA90B3218F7C8300A1B63E /* Debug */,
				B2FA90B4218F7C8300A1B63E /* Release */,
			);
			defaultConfigurationIsVisible = 0;
			defaultConfigurationName = Release;
		};
/* End XCConfigurationList section */

/* Begin XCVersionGroup section */
		B2FA9099218F7C8100A1B63E /* iOS_GoodCodeExerciseSample.xcdatamodeld */ = {
			isa = XCVersionGroup;
			children = (
				B2FA909A218F7C8100A1B63E /* iOS_GoodCodeExerciseSample.xcdatamodel */,
			);
			currentVersion = B2FA909A218F7C8100A1B63E /* iOS_GoodCodeExerciseSample.xcdatamodel */;
			path = iOS_GoodCodeExerciseSample.xcdatamodeld;
			sourceTree = "<group>";
			versionGroupType = wrapper.xcdatamodel;
		};
/* End XCVersionGroup section */
	};
	rootObject = B2FA9087218F7C8100A1B63E /* Project object */;
}
